
Microsoft Visual Studio Solution File, Format Version 12.00
# Visual Studio Version 16
VisualStudioVersion = 16.0.32630.194
MinimumVisualStudioVersion = 10.0.40219.1
Project("{FAE04EC0-301F-11D3-BF4B-00C04F79EFBC}") = "WebApplication2", "WebApplication2.csproj", "{2FD23D25-879F-462E-A1EC-DA4B8F2E5D38}"
EndProject
Global
	GlobalSection(SolutionConfigurationPlatforms) = preSolution
		Debug|Any CPU = Debug|Any CPU
		Release|Any CPU = Release|Any CPU
	EndGlobalSection
	GlobalSection(ProjectConfigurationPlatforms) = postSolution
		{2FD23D25-879F-462E-A1EC-DA4B8F2E5D38}.Debug|Any CPU.ActiveCfg = Debug|Any CPU
		{2FD23D25-879F-462E-A1EC-DA4B8F2E5D38}.Debug|Any CPU.Build.0 = Debug|Any CPU
		{2FD23D25-879F-462E-A1EC-DA4B8F2E5D38}.Release|Any CPU.ActiveCfg = Release|Any CPU
		{2FD23D25-879F-462E-A1EC-DA4B8F2E5D38}.Release|Any CPU.Build.0 = Release|Any CPU
	EndGlobalSection
	GlobalSection(SolutionProperties) = preSolution
		HideSolutionNode = FALSE
	EndGlobalSection
	GlobalSection(ExtensibilityGlobals) = postSolution
		SolutionGuid = {29E680B1-432C-4B00-B747-C9265D73F445}
	EndGlobalSection
EndGlobal
